
Microsoft Visual Studio Solution File, Format Version 11.00
# Visual Studio 2010
Project("{FAE04EC0-301F-11D3-BF4B-00C04F79EFBC}") = "Assembly-CSharp", "Assembly-CSharp.csproj", "{c285681f-81f2-4bd9-6eb0-e45bcd25242b}"
EndProject
Project("{FAE04EC0-301F-11D3-BF4B-00C04F79EFBC}") = "Assembly-CSharp-firstpass", "Assembly-CSharp-firstpass.csproj", "{79447734-da68-276b-9d84-618166f55de3}"
EndProject
Project("{FAE04EC0-301F-11D3-BF4B-00C04F79EFBC}") = "Assembly-CSharp-Editor", "Assembly-CSharp-Editor.csproj", "{cd52471f-1fe3-055c-2488-76cbc2a6a6e7}"
EndProject
Project("{FAE04EC0-301F-11D3-BF4B-00C04F79EFBC}") = "Assembly-CSharp-Editor-firstpass", "Assembly-CSharp-Editor-firstpass.csproj", "{1c8a1dce-6eaf-ff97-3f79-e52246a5d3f8}"
EndProject
Global
	GlobalSection(SolutionConfigurationPlatforms) = preSolution
		Debug|Any CPU = Debug|Any CPU
	EndGlobalSection
	GlobalSection(ProjectConfigurationPlatforms) = postSolution
		{c285681f-81f2-4bd9-6eb0-e45bcd25242b}.Debug|Any CPU.ActiveCfg = Debug|Any CPU
		{c285681f-81f2-4bd9-6eb0-e45bcd25242b}.Debug|Any CPU.Build.0 = Debug|Any CPU
		{79447734-da68-276b-9d84-618166f55de3}.Debug|Any CPU.ActiveCfg = Debug|Any CPU
		{79447734-da68-276b-9d84-618166f55de3}.Debug|Any CPU.Build.0 = Debug|Any CPU
		{cd52471f-1fe3-055c-2488-76cbc2a6a6e7}.Debug|Any CPU.ActiveCfg = Debug|Any CPU
		{cd52471f-1fe3-055c-2488-76cbc2a6a6e7}.Debug|Any CPU.Build.0 = Debug|Any CPU
		{1c8a1dce-6eaf-ff97-3f79-e52246a5d3f8}.Debug|Any CPU.ActiveCfg = Debug|Any CPU
		{1c8a1dce-6eaf-ff97-3f79-e52246a5d3f8}.Debug|Any CPU.Build.0 = Debug|Any CPU
	EndGlobalSection
	GlobalSection(SolutionProperties) = preSolution
		HideSolutionNode = FALSE
	EndGlobalSection
EndGlobal
